
Microsoft Visual Studio Solution File, Format Version 12.00
# Visual Studio Version 17
VisualStudioVersion = 17.0.31903.59
MinimumVisualStudioVersion = 10.0.40219.1
Project("{FAE04EC0-301F-11D3-BF4B-00C04F79EFBC}") = "API", "API\API.csproj", "{04F8ED87-630A-47C8-BE2E-A1289D476F38}"
EndProject
Project("{FAE04EC0-301F-11D3-BF4B-00C04F79EFBC}") = "Core", "Core\Core.csproj", "{857C691E-F7E5-4C2D-B6A1-801032B249C8}"
EndProject
Project("{FAE04EC0-301F-11D3-BF4B-00C04F79EFBC}") = "Infrastructure", "Infrastructure\Infrastructure.csproj", "{C5F9FE9B-420B-48E9-91D8-048C474204CE}"
EndProject
Global
	GlobalSection(SolutionConfigurationPlatforms) = preSolution
		Debug|Any CPU = Debug|Any CPU
		Release|Any CPU = Release|Any CPU
	EndGlobalSection
	GlobalSection(SolutionProperties) = preSolution
		HideSolutionNode = FALSE
	EndGlobalSection
	GlobalSection(ProjectConfigurationPlatforms) = postSolution
		{04F8ED87-630A-47C8-BE2E-A1289D476F38}.Debug|Any CPU.ActiveCfg = Debug|Any CPU
		{04F8ED87-630A-47C8-BE2E-A1289D476F38}.Debug|Any CPU.Build.0 = Debug|Any CPU
		{04F8ED87-630A-47C8-BE2E-A1289D476F38}.Release|Any CPU.ActiveCfg = Release|Any CPU
		{04F8ED87-630A-47C8-BE2E-A1289D476F38}.Release|Any CPU.Build.0 = Release|Any CPU
		{857C691E-F7E5-4C2D-B6A1-801032B249C8}.Debug|Any CPU.ActiveCfg = Debug|Any CPU
		{857C691E-F7E5-4C2D-B6A1-801032B249C8}.Debug|Any CPU.Build.0 = Debug|Any CPU
		{857C691E-F7E5-4C2D-B6A1-801032B249C8}.Release|Any CPU.ActiveCfg = Release|Any CPU
		{857C691E-F7E5-4C2D-B6A1-801032B249C8}.Release|Any CPU.Build.0 = Release|Any CPU
		{C5F9FE9B-420B-48E9-91D8-048C474204CE}.Debug|Any CPU.ActiveCfg = Debug|Any CPU
		{C5F9FE9B-420B-48E9-91D8-048C474204CE}.Debug|Any CPU.Build.0 = Debug|Any CPU
		{C5F9FE9B-420B-48E9-91D8-048C474204CE}.Release|Any CPU.ActiveCfg = Release|Any CPU
		{C5F9FE9B-420B-48E9-91D8-048C474204CE}.Release|Any CPU.Build.0 = Release|Any CPU
	EndGlobalSection
EndGlobal
